// !$*UTF8*$!
{
	archiveVersion = 1;
	classes = {
	};
	objectVersion = 56;
	objects = {

/* Begin PBXBuildFile section */
		71DF463D2C0061D40089C2BF /* AppDelegate.swift in Sources */ = {isa = PBXBuildFile; fileRef = 71DF463C2C0061D40089C2BF /* AppDelegate.swift */; };
		71DF463F2C0061D50089C2BF /* SceneDelegate.swift in Sources */ = {isa = PBXBuildFile; fileRef = 71DF463E2C0061D50089C2BF /* SceneDelegate.swift */; };
		71DF46412C0061D50089C2BF /* ViewController.swift in Sources */ = {isa = PBXBuildFile; fileRef = 71DF46402C0061D50089C2BF /* ViewController.swift */; };
		71DF46442C0061D50089C2BF /* Main.storyboard in Resources */ = {isa = PBXBuildFile; fileRef = 71DF46422C0061D50089C2BF /* Main.storyboard */; };
		71DF46462C0061D60089C2BF /* Assets.xcassets in Resources */ = {isa = PBXBuildFile; fileRef = 71DF46452C0061D60089C2BF /* Assets.xcassets */; };
		71DF46492C0061D60089C2BF /* LaunchScreen.storyboard in Resources */ = {isa = PBXBuildFile; fileRef = 71DF46472C0061D60089C2BF /* LaunchScreen.storyboard */; };
		71DF46542C0061D60089C2BF /* GoogleCalenderTests.swift in Sources */ = {isa = PBXBuildFile; fileRef = 71DF46532C0061D60089C2BF /* GoogleCalenderTests.swift */; };
		71DF465E2C0061D60089C2BF /* GoogleCalenderUITests.swift in Sources */ = {isa = PBXBuildFile; fileRef = 71DF465D2C0061D60089C2BF /* GoogleCalenderUITests.swift */; };
		71DF46602C0061D60089C2BF /* GoogleCalenderUITestsLaunchTests.swift in Sources */ = {isa = PBXBuildFile; fileRef = 71DF465F2C0061D60089C2BF /* GoogleCalenderUITestsLaunchTests.swift */; };
/* End PBXBuildFile section */

/* Begin PBXContainerItemProxy section */
		71DF46502C0061D60089C2BF /* PBXContainerItemProxy */ = {
			isa = PBXContainerItemProxy;
			containerPortal = 71DF46312C0061D40089C2BF /* Project object */;
			proxyType = 1;
			remoteGlobalIDString = 71DF46382C0061D40089C2BF;
			remoteInfo = GoogleCalender;
		};
		71DF465A2C0061D60089C2BF /* PBXContainerItemProxy */ = {
			isa = PBXContainerItemProxy;
			containerPortal = 71DF46312C0061D40089C2BF /* Project object */;
			proxyType = 1;
			remoteGlobalIDString = 71DF46382C0061D40089C2BF;
			remoteInfo = GoogleCalender;
		};
/* End PBXContainerItemProxy section */

/* Begin PBXFileReference section */
		71DF46392C0061D40089C2BF /* GoogleCalender.app */ = {isa = PBXFileReference; explicitFileType = wrapper.application; includeInIndex = 0; path = GoogleCalender.app; sourceTree = BUILT_PRODUCTS_DIR; };
		71DF463C2C0061D40089C2BF /* AppDelegate.swift */ = {isa = PBXFileReference; lastKnownFileType = sourcecode.swift; path = AppDelegate.swift; sourceTree = "<group>"; };
		71DF463E2C0061D50089C2BF /* SceneDelegate.swift */ = {isa = PBXFileReference; lastKnownFileType = sourcecode.swift; path = SceneDelegate.swift; sourceTree = "<group>"; };
		71DF46402C0061D50089C2BF /* ViewController.swift */ = {isa = PBXFileReference; lastKnownFileType = sourcecode.swift; path = ViewController.swift; sourceTree = "<group>"; };
		71DF46432C0061D50089C2BF /* Base */ = {isa = PBXFileReference; lastKnownFileType = file.storyboard; name = Base; path = Base.lproj/Main.storyboard; sourceTree = "<group>"; };
		71DF46452C0061D60089C2BF /* Assets.xcassets */ = {isa = PBXFileReference; lastKnownFileType = folder.assetcatalog; path = Assets.xcassets; sourceTree = "<group>"; };
		71DF46482C0061D60089C2BF /* Base */ = {isa = PBXFileReference; lastKnownFileType = file.storyboard; name = Base; path = Base.lproj/LaunchScreen.storyboard; sourceTree = "<group>"; };
		71DF464A2C0061D60089C2BF /* Info.plist */ = {isa = PBXFileReference; lastKnownFileType = text.plist.xml; path = Info.plist; sourceTree = "<group>"; };
		71DF464F2C0061D60089C2BF /* GoogleCalenderTests.xctest */ = {isa = PBXFileReference; explicitFileType = wrapper.cfbundle; includeInIndex = 0; path = GoogleCalenderTests.xctest; sourceTree = BUILT_PRODUCTS_DIR; };
		71DF46532C0061D60089C2BF /* GoogleCalenderTests.swift */ = {isa = PBXFileReference; lastKnownFileType = sourcecode.swift; path = GoogleCalenderTests.swift; sourceTree = "<group>"; };
		71DF46592C0061D60089C2BF /* GoogleCalenderUITests.xctest */ = {isa = PBXFileReference; explicitFileType = wrapper.cfbundle; includeInIndex = 0; path = GoogleCalenderUITests.xctest; sourceTree = BUILT_PRODUCTS_DIR; };
		71DF465D2C0061D60089C2BF /* GoogleCalenderUITests.swift */ = {isa = PBXFileReference; lastKnownFileType = sourcecode.swift; path = GoogleCalenderUITests.swift; sourceTree = "<group>"; };
		71DF465F2C0061D60089C2BF /* GoogleCalenderUITestsLaunchTests.swift */ = {isa = PBXFileReference; lastKnownFileType = sourcecode.swift; path = GoogleCalenderUITestsLaunchTests.swift; sourceTree = "<group>"; };
/* End PBXFileReference section */

/* Begin PBXFrameworksBuildPhase section */
		71DF46362C0061D40089C2BF /* Frameworks */ = {
			isa = PBXFrameworksBuildPhase;
			buildActionMask = 2147483647;
			files = (
			);
			runOnlyForDeploymentPostprocessing = 0;
		};
		71DF464C2C0061D60089C2BF /* Frameworks */ = {
			isa = PBXFrameworksBuildPhase;
			buildActionMask = 2147483647;
			files = (
			);
			runOnlyForDeploymentPostprocessing = 0;
		};
		71DF46562C0061D60089C2BF /* Frameworks */ = {
			isa = PBXFrameworksBuildPhase;
			buildActionMask = 2147483647;
			files = (
			);
			runOnlyForDeploymentPostprocessing = 0;
		};
/* End PBXFrameworksBuildPhase section */

/* Begin PBXGroup section */
		71DF46302C0061D40089C2BF = {
			isa = PBXGroup;
			children = (
				71DF463B2C0061D40089C2BF /* GoogleCalender */,
				71DF46522C0061D60089C2BF /* GoogleCalenderTests */,
				71DF465C2C0061D60089C2BF /* GoogleCalenderUITests */,
				71DF463A2C0061D40089C2BF /* Products */,
			);
			sourceTree = "<group>";
		};
		71DF463A2C0061D40089C2BF /* Products */ = {
			isa = PBXGroup;
			children = (
				71DF46392C0061D40089C2BF /* GoogleCalender.app */,
				71DF464F2C0061D60089C2BF /* GoogleCalenderTests.xctest */,
				71DF46592C0061D60089C2BF /* GoogleCalenderUITests.xctest */,
			);
			name = Products;
			sourceTree = "<group>";
		};
		71DF463B2C0061D40089C2BF /* GoogleCalender */ = {
			isa = PBXGroup;
			children = (
				71DF463C2C0061D40089C2BF /* AppDelegate.swift */,
				71DF463E2C0061D50089C2BF /* SceneDelegate.swift */,
				71DF46402C0061D50089C2BF /* ViewController.swift */,
				71DF46422C0061D50089C2BF /* Main.storyboard */,
				71DF46452C0061D60089C2BF /* Assets.xcassets */,
				71DF46472C0061D60089C2BF /* LaunchScreen.storyboard */,
				71DF464A2C0061D60089C2BF /* Info.plist */,
			);
			path = GoogleCalender;
			sourceTree = "<group>";
		};
		71DF46522C0061D60089C2BF /* GoogleCalenderTests */ = {
			isa = PBXGroup;
			children = (
				71DF46532C0061D60089C2BF /* GoogleCalenderTests.swift */,
			);
			path = GoogleCalenderTests;
			sourceTree = "<group>";
		};
		71DF465C2C0061D60089C2BF /* GoogleCalenderUITests */ = {
			isa = PBXGroup;
			children = (
				71DF465D2C0061D60089C2BF /* GoogleCalenderUITests.swift */,
				71DF465F2C0061D60089C2BF /* GoogleCalenderUITestsLaunchTests.swift */,
			);
			path = GoogleCalenderUITests;
			sourceTree = "<group>";
		};
/* End PBXGroup section */

/* Begin PBXNativeTarget section */
		71DF46382C0061D40089C2BF /* GoogleCalender */ = {
			isa = PBXNativeTarget;
			buildConfigurationList = 71DF46632C0061D60089C2BF /* Build configuration list for PBXNativeTarget "GoogleCalender" */;
			buildPhases = (
				71DF46352C0061D40089C2BF /* Sources */,
				71DF46362C0061D40089C2BF /* Frameworks */,
				71DF46372C0061D40089C2BF /* Resources */,
			);
			buildRules = (
			);
			dependencies = (
			);
			name = GoogleCalender;
			productName = GoogleCalender;
			productReference = 71DF46392C0061D40089C2BF /* GoogleCalender.app */;
			productType = "com.apple.product-type.application";
		};
		71DF464E2C0061D60089C2BF /* GoogleCalenderTests */ = {
			isa = PBXNativeTarget;
			buildConfigurationList = 71DF46662C0061D60089C2BF /* Build configuration list for PBXNativeTarget "GoogleCalenderTests" */;
			buildPhases = (
				71DF464B2C0061D60089C2BF /* Sources */,
				71DF464C2C0061D60089C2BF /* Frameworks */,
				71DF464D2C0061D60089C2BF /* Resources */,
			);
			buildRules = (
			);
			dependencies = (
				71DF46512C0061D60089C2BF /* PBXTargetDependency */,
			);
			name = GoogleCalenderTests;
			productName = GoogleCalenderTests;
			productReference = 71DF464F2C0061D60089C2BF /* GoogleCalenderTests.xctest */;
			productType = "com.apple.product-type.bundle.unit-test";
		};
		71DF46582C0061D60089C2BF /* GoogleCalenderUITests */ = {
			isa = PBXNativeTarget;
			buildConfigurationList = 71DF46692C0061D60089C2BF /* Build configuration list for PBXNativeTarget "GoogleCalenderUITests" */;
			buildPhases = (
				71DF46552C0061D60089C2BF /* Sources */,
				71DF46562C0061D60089C2BF /* Frameworks */,
				71DF46572C0061D60089C2BF /* Resources */,
			);
			buildRules = (
			);
			dependencies = (
				71DF465B2C0061D60089C2BF /* PBXTargetDependency */,
			);
			name = GoogleCalenderUITests;
			productName = GoogleCalenderUITests;
			productReference = 71DF46592C0061D60089C2BF /* GoogleCalenderUITests.xctest */;
			productType = "com.apple.product-type.bundle.ui-testing";
		};
/* End PBXNativeTarget section */

/* Begin PBXProject section */
		71DF46312C0061D40089C2BF /* Project object */ = {
			isa = PBXProject;
			attributes = {
				BuildIndependentTargetsInParallel = 1;
				LastSwiftUpdateCheck = 1520;
				LastUpgradeCheck = 1520;
				TargetAttributes = {
					71DF46382C0061D40089C2BF = {
						CreatedOnToolsVersion = 15.2;
					};
					71DF464E2C0061D60089C2BF = {
						CreatedOnToolsVersion = 15.2;
						TestTargetID = 71DF46382C0061D40089C2BF;
					};
					71DF46582C0061D60089C2BF = {
						CreatedOnToolsVersion = 15.2;
						TestTargetID = 71DF46382C0061D40089C2BF;
					};
				};
			};
			buildConfigurationList = 71DF46342C0061D40089C2BF /* Build configuration list for PBXProject "GoogleCalender" */;
			compatibilityVersion = "Xcode 14.0";
			developmentRegion = en;
			hasScannedForEncodings = 0;
			knownRegions = (
				en,
				Base,
			);
			mainGroup = 71DF46302C0061D40089C2BF;
			productRefGroup = 71DF463A2C0061D40089C2BF /* Products */;
			projectDirPath = "";
			projectRoot = "";
			targets = (
				71DF46382C0061D40089C2BF /* GoogleCalender */,
				71DF464E2C0061D60089C2BF /* GoogleCalenderTests */,
				71DF46582C0061D60089C2BF /* GoogleCalenderUITests */,
			);
		};
/* End PBXProject section */

/* Begin PBXResourcesBuildPhase section */
		71DF46372C0061D40089C2BF /* Resources */ = {
			isa = PBXResourcesBuildPhase;
			buildActionMask = 2147483647;
			files = (
				71DF46492C0061D60089C2BF /* LaunchScreen.storyboard in Resources */,
				71DF46462C0061D60089C2BF /* Assets.xcassets in Resources */,
				71DF46442C0061D50089C2BF /* Main.storyboard in Resources */,
			);
			runOnlyForDeploymentPostprocessing = 0;
		};
		71DF464D2C0061D60089C2BF /* Resources */ = {
			isa = PBXResourcesBuildPhase;
			buildActionMask = 2147483647;
			files = (
			);
			runOnlyForDeploymentPostprocessing = 0;
		};
		71DF46572C0061D60089C2BF /* Resources */ = {
			isa = PBXResourcesBuildPhase;
			buildActionMask = 2147483647;
			files = (
			);
			runOnlyForDeploymentPostprocessing = 0;
		};
/* End PBXResourcesBuildPhase section */

/* Begin PBXSourcesBuildPhase section */
		71DF46352C0061D40089C2BF /* Sources */ = {
			isa = PBXSourcesBuildPhase;
			buildActionMask = 2147483647;
			files = (
				71DF46412C0061D50089C2BF /* ViewController.swift in Sources */,
				71DF463D2C0061D40089C2BF /* AppDelegate.swift in Sources */,
				71DF463F2C0061D50089C2BF /* SceneDelegate.swift in Sources */,
			);
			runOnlyForDeploymentPostprocessing = 0;
		};
		71DF464B2C0061D60089C2BF /* Sources */ = {
			isa = PBXSourcesBuildPhase;
			buildActionMask = 2147483647;
			files = (
				71DF46542C0061D60089C2BF /* GoogleCalenderTests.swift in Sources */,
			);
			runOnlyForDeploymentPostprocessing = 0;
		};
		71DF46552C0061D60089C2BF /* Sources */ = {
			isa = PBXSourcesBuildPhase;
			buildActionMask = 2147483647;
			files = (
				71DF465E2C0061D60089C2BF /* GoogleCalenderUITests.swift in Sources */,
				71DF46602C0061D60089C2BF /* GoogleCalenderUITestsLaunchTests.swift in Sources */,
			);
			runOnlyForDeploymentPostprocessing = 0;
		};
/* End PBXSourcesBuildPhase section */

/* Begin PBXTargetDependency section */
		71DF46512C0061D60089C2BF /* PBXTargetDependency */ = {
			isa = PBXTargetDependency;
			target = 71DF46382C0061D40089C2BF /* GoogleCalender */;
			targetProxy = 71DF46502C0061D60089C2BF /* PBXContainerItemProxy */;
		};
		71DF465B2C0061D60089C2BF /* PBXTargetDependency */ = {
			isa = PBXTargetDependency;
			target = 71DF46382C0061D40089C2BF /* GoogleCalender */;
			targetProxy = 71DF465A2C0061D60089C2BF /* PBXContainerItemProxy */;
		};
/* End PBXTargetDependency section */

/* Begin PBXVariantGroup section */
		71DF46422C0061D50089C2BF /* Main.storyboard */ = {
			isa = PBXVariantGroup;
			children = (
				71DF46432C0061D50089C2BF /* Base */,
			);
			name = Main.storyboard;
			sourceTree = "<group>";
		};
		71DF46472C0061D60089C2BF /* LaunchScreen.storyboard */ = {
			isa = PBXVariantGroup;
			children = (
				71DF46482C0061D60089C2BF /* Base */,
			);
			name = LaunchScreen.storyboard;
			sourceTree = "<group>";
		};
/* End PBXVariantGroup section */

/* Begin XCBuildConfiguration section */
		71DF46612C0061D60089C2BF /* Debug */ = {
			isa = XCBuildConfiguration;
			buildSettings = {
				ALWAYS_SEARCH_USER_PATHS = NO;
				ASSETCATALOG_COMPILER_GENERATE_SWIFT_ASSET_SYMBOL_EXTENSIONS = YES;
				CLANG_ANALYZER_NONNULL = YES;
				CLANG_ANALYZER_NUMBER_OBJECT_CONVERSION = YES_AGGRESSIVE;
				CLANG_CXX_LANGUAGE_STANDARD = "gnu++20";
				CLANG_ENABLE_MODULES = YES;
				CLANG_ENABLE_OBJC_ARC = YES;
				CLANG_ENABLE_OBJC_WEAK = YES;
				CLANG_WARN_BLOCK_CAPTURE_AUTORELEASING = YES;
				CLANG_WARN_BOOL_CONVERSION = YES;
				CLANG_WARN_COMMA = YES;
				CLANG_WARN_CONSTANT_CONVERSION = YES;
				CLANG_WARN_DEPRECATED_OBJC_IMPLEMENTATIONS = YES;
				CLANG_WARN_DIRECT_OBJC_ISA_USAGE = YES_ERROR;
				CLANG_WARN_DOCUMENTATION_COMMENTS = YES;
				CLANG_WARN_EMPTY_BODY = YES;
				CLANG_WARN_ENUM_CONVERSION = YES;
				CLANG_WARN_INFINITE_RECURSION = YES;
				CLANG_WARN_INT_CONVERSION = YES;
				CLANG_WARN_NON_LITERAL_NULL_CONVERSION = YES;
				CLANG_WARN_OBJC_IMPLICIT_RETAIN_SELF = YES;
				CLANG_WARN_OBJC_LITERAL_CONVERSION = YES;
				CLANG_WARN_OBJC_ROOT_CLASS = YES_ERROR;
				CLANG_WARN_QUOTED_INCLUDE_IN_FRAMEWORK_HEADER = YES;
				CLANG_WARN_RANGE_LOOP_ANALYSIS = YES;
				CLANG_WARN_STRICT_PROTOTYPES = YES;
				CLANG_WARN_SUSPICIOUS_MOVE = YES;
				CLANG_WARN_UNGUARDED_AVAILABILITY = YES_AGGRESSIVE;
				CLANG_WARN_UNREACHABLE_CODE = YES;
				CLANG_WARN__DUPLICATE_METHOD_MATCH = YES;
				COPY_PHASE_STRIP = NO;
				DEBUG_INFORMATION_FORMAT = dwarf;
				ENABLE_STRICT_OBJC_MSGSEND = YES;
				ENABLE_TESTABILITY = YES;
				ENABLE_USER_SCRIPT_SANDBOXING = YES;
				GCC_C_LANGUAGE_STANDARD = gnu17;
				GCC_DYNAMIC_NO_PIC = NO;
				GCC_NO_COMMON_BLOCKS = YES;
				GCC_OPTIMIZATION_LEVEL = 0;
				GCC_PREPROCESSOR_DEFINITIONS = (
					"DEBUG=1",
					"$(inherited)",
				);
				GCC_WARN_64_TO_32_BIT_CONVERSION = YES;
				GCC_WARN_ABOUT_RETURN_TYPE = YES_ERROR;
				GCC_WARN_UNDECLARED_SELECTOR = YES;
				GCC_WARN_UNINITIALIZED_AUTOS = YES_AGGRESSIVE;
				GCC_WARN_UNUSED_FUNCTION = YES;
				GCC_WARN_UNUSED_VARIABLE = YES;
				IPHONEOS_DEPLOYMENT_TARGET = 17.2;
				LOCALIZATION_PREFERS_STRING_CATALOGS = YES;
				MTL_ENABLE_DEBUG_INFO = INCLUDE_SOURCE;
				MTL_FAST_MATH = YES;
				ONLY_ACTIVE_ARCH = YES;
				SDKROOT = iphoneos;
				SWIFT_ACTIVE_COMPILATION_CONDITIONS = "DEBUG $(inherited)";
				SWIFT_OPTIMIZATION_LEVEL = "-Onone";
			};
			name = Debug;
		};
		71DF46622C0061D60089C2BF /* Release */ = {
			isa = XCBuildConfiguration;
			buildSettings = {
				ALWAYS_SEARCH_USER_PATHS = NO;
				ASSETCATALOG_COMPILER_GENERATE_SWIFT_ASSET_SYMBOL_EXTENSIONS = YES;
				CLANG_ANALYZER_NONNULL = YES;
				CLANG_ANALYZER_NUMBER_OBJECT_CONVERSION = YES_AGGRESSIVE;
				CLANG_CXX_LANGUAGE_STANDARD = "gnu++20";
				CLANG_ENABLE_MODULES = YES;
				CLANG_ENABLE_OBJC_ARC = YES;
				CLANG_ENABLE_OBJC_WEAK = YES;
				CLANG_WARN_BLOCK_CAPTURE_AUTORELEASING = YES;
				CLANG_WARN_BOOL_CONVERSION = YES;
				CLANG_WARN_COMMA = YES;
				CLANG_WARN_CONSTANT_CONVERSION = YES;
				CLANG_WARN_DEPRECATED_OBJC_IMPLEMENTATIONS = YES;
				CLANG_WARN_DIRECT_OBJC_ISA_USAGE = YES_ERROR;
				CLANG_WARN_DOCUMENTATION_COMMENTS = YES;
				CLANG_WARN_EMPTY_BODY = YES;
				CLANG_WARN_ENUM_CONVERSION = YES;
				CLANG_WARN_INFINITE_RECURSION = YES;
				CLANG_WARN_INT_CONVERSION = YES;
				CLANG_WARN_NON_LITERAL_NULL_CONVERSION = YES;
				CLANG_WARN_OBJC_IMPLICIT_RETAIN_SELF = YES;
				CLANG_WARN_OBJC_LITERAL_CONVERSION = YES;
				CLANG_WARN_OBJC_ROOT_CLASS = YES_ERROR;
				CLANG_WARN_QUOTED_INCLUDE_IN_FRAMEWORK_HEADER = YES;
				CLANG_WARN_RANGE_LOOP_ANALYSIS = YES;
				CLANG_WARN_STRICT_PROTOTYPES = YES;
				CLANG_WARN_SUSPICIOUS_MOVE = YES;
				CLANG_WARN_UNGUARDED_AVAILABILITY = YES_AGGRESSIVE;
				CLANG_WARN_UNREACHABLE_CODE = YES;
				CLANG_WARN__DUPLICATE_METHOD_MATCH = YES;
				COPY_PHASE_STRIP = NO;
				DEBUG_INFORMATION_FORMAT = "dwarf-with-dsym";
				ENABLE_NS_ASSERTIONS = NO;
				ENABLE_STRICT_OBJC_MSGSEND = YES;
				ENABLE_USER_SCRIPT_SANDBOXING = YES;
				GCC_C_LANGUAGE_STANDARD = gnu17;
				GCC_NO_COMMON_BLOCKS = YES;
				GCC_WARN_64_TO_32_BIT_CONVERSION = YES;
				GCC_WARN_ABOUT_RETURN_TYPE = YES_ERROR;
				GCC_WARN_UNDECLARED_SELECTOR = YES;
				GCC_WARN_UNINITIALIZED_AUTOS = YES_AGGRESSIVE;
				GCC_WARN_UNUSED_FUNCTION = YES;
				GCC_WARN_UNUSED_VARIABLE = YES;
				IPHONEOS_DEPLOYMENT_TARGET = 17.2;
				LOCALIZATION_PREFERS_STRING_CATALOGS = YES;
				MTL_ENABLE_DEBUG_INFO = NO;
				MTL_FAST_MATH = YES;
				SDKROOT = iphoneos;
				SWIFT_COMPILATION_MODE = wholemodule;
				VALIDATE_PRODUCT = YES;
			};
			name = Release;
		};
		71DF46642C0061D60089C2BF /* Debug */ = {
			isa = XCBuildConfiguration;
			buildSettings = {
				ASSETCATALOG_COMPILER_APPICON_NAME = AppIcon;
				ASSETCATALOG_COMPILER_GLOBAL_ACCENT_COLOR_NAME = AccentColor;
				CODE_SIGN_STYLE = Automatic;
				CURRENT_PROJECT_VERSION = 1;
				GENERATE_INFOPLIST_FILE = YES;
				INFOPLIST_FILE = GoogleCalender/Info.plist;
				INFOPLIST_KEY_UIApplicationSupportsIndirectInputEvents = YES;
				INFOPLIST_KEY_UILaunchStoryboardName = LaunchScreen;
				INFOPLIST_KEY_UIMainStoryboardFile = Main;
				INFOPLIST_KEY_UISupportedInterfaceOrientations_iPad = "UIInterfaceOrientationPortrait UIInterfaceOrientationPortraitUpsideDown UIInterfaceOrientationLandscapeLeft UIInterfaceOrientationLandscapeRight";
				INFOPLIST_KEY_UISupportedInterfaceOrientations_iPhone = "UIInterfaceOrientationPortrait UIInterfaceOrientationLandscapeLeft UIInterfaceOrientationLandscapeRight";
				LD_RUNPATH_SEARCH_PATHS = (
					"$(inherited)",
					"@executable_path/Frameworks",
				);
				MARKETING_VERSION = 1.0;
				PRODUCT_BUNDLE_IDENTIFIER = com.Nickelfox.project12.GoogleCalender;
				PRODUCT_NAME = "$(TARGET_NAME)";
				SWIFT_EMIT_LOC_STRINGS = YES;
				SWIFT_VERSION = 5.0;
				TARGETED_DEVICE_FAMILY = "1,2";
			};
			name = Debug;
		};
		71DF46652C0061D60089C2BF /* Release */ = {
			isa = XCBuildConfiguration;
			buildSettings = {
				ASSETCATALOG_COMPILER_APPICON_NAME = AppIcon;
				ASSETCATALOG_COMPILER_GLOBAL_ACCENT_COLOR_NAME = AccentColor;
				CODE_SIGN_STYLE = Automatic;
				CURRENT_PROJECT_VERSION = 1;
				GENERATE_INFOPLIST_FILE = YES;
				INFOPLIST_FILE = GoogleCalender/Info.plist;
				INFOPLIST_KEY_UIApplicationSupportsIndirectInputEvents = YES;
				INFOPLIST_KEY_UILaunchStoryboardName = LaunchScreen;
				INFOPLIST_KEY_UIMainStoryboardFile = Main;
				INFOPLIST_KEY_UISupportedInterfaceOrientations_iPad = "UIInterfaceOrientationPortrait UIInterfaceOrientationPortraitUpsideDown UIInterfaceOrientationLandscapeLeft UIInterfaceOrientationLandscapeRight";
				INFOPLIST_KEY_UISupportedInterfaceOrientations_iPhone = "UIInterfaceOrientationPortrait UIInterfaceOrientationLandscapeLeft UIInterfaceOrientationLandscapeRight";
				LD_RUNPATH_SEARCH_PATHS = (
					"$(inherited)",
					"@executable_path/Frameworks",
				);
				MARKETING_VERSION = 1.0;
				PRODUCT_BUNDLE_IDENTIFIER = com.Nickelfox.project12.GoogleCalender;
				PRODUCT_NAME = "$(TARGET_NAME)";
				SWIFT_EMIT_LOC_STRINGS = YES;
				SWIFT_VERSION = 5.0;
				TARGETED_DEVICE_FAMILY = "1,2";
			};
			name = Release;
		};
		71DF46672C0061D60089C2BF /* Debug */ = {
			isa = XCBuildConfiguration;
			buildSettings = {
				ALWAYS_EMBED_SWIFT_STANDARD_LIBRARIES = YES;
				BUNDLE_LOADER = "$(TEST_HOST)";
				CODE_SIGN_STYLE = Automatic;
				CURRENT_PROJECT_VERSION = 1;
				GENERATE_INFOPLIST_FILE = YES;
				IPHONEOS_DEPLOYMENT_TARGET = 17.2;
				MARKETING_VERSION = 1.0;
				PRODUCT_BUNDLE_IDENTIFIER = com.Nickelfox.project12.GoogleCalenderTests;
				PRODUCT_NAME = "$(TARGET_NAME)";
				SWIFT_EMIT_LOC_STRINGS = NO;
				SWIFT_VERSION = 5.0;
				TARGETED_DEVICE_FAMILY = "1,2";
				TEST_HOST = "$(BUILT_PRODUCTS_DIR)/GoogleCalender.app/$(BUNDLE_EXECUTABLE_FOLDER_PATH)/GoogleCalender";
			};
			name = Debug;
		};
		71DF46682C0061D60089C2BF /* Release */ = {
			isa = XCBuildConfiguration;
			buildSettings = {
				ALWAYS_EMBED_SWIFT_STANDARD_LIBRARIES = YES;
				BUNDLE_LOADER = "$(TEST_HOST)";
				CODE_SIGN_STYLE = Automatic;
				CURRENT_PROJECT_VERSION = 1;
				GENERATE_INFOPLIST_FILE = YES;
				IPHONEOS_DEPLOYMENT_TARGET = 17.2;
				MARKETING_VERSION = 1.0;
				PRODUCT_BUNDLE_IDENTIFIER = com.Nickelfox.project12.GoogleCalenderTests;
				PRODUCT_NAME = "$(TARGET_NAME)";
				SWIFT_EMIT_LOC_STRINGS = NO;
				SWIFT_VERSION = 5.0;
				TARGETED_DEVICE_FAMILY = "1,2";
				TEST_HOST = "$(BUILT_PRODUCTS_DIR)/GoogleCalender.app/$(BUNDLE_EXECUTABLE_FOLDER_PATH)/GoogleCalender";
			};
			name = Release;
		};
		71DF466A2C0061D60089C2BF /* Debug */ = {
			isa = XCBuildConfiguration;
			buildSettings = {
				ALWAYS_EMBED_SWIFT_STANDARD_LIBRARIES = YES;
				CODE_SIGN_STYLE = Automatic;
				CURRENT_PROJECT_VERSION = 1;
				GENERATE_INFOPLIST_FILE = YES;
				MARKETING_VERSION = 1.0;
				PRODUCT_BUNDLE_IDENTIFIER = com.Nickelfox.project12.GoogleCalenderUITests;
				PRODUCT_NAME = "$(TARGET_NAME)";
				SWIFT_EMIT_LOC_STRINGS = NO;
				SWIFT_VERSION = 5.0;
				TARGETED_DEVICE_FAMILY = "1,2";
				TEST_TARGET_NAME = GoogleCalender;
			};
			name = Debug;
		};
		71DF466B2C0061D60089C2BF /* Release */ = {
			isa = XCBuildConfiguration;
			buildSettings = {
				ALWAYS_EMBED_SWIFT_STANDARD_LIBRARIES = YES;
				CODE_SIGN_STYLE = Automatic;
				CURRENT_PROJECT_VERSION = 1;
				GENERATE_INFOPLIST_FILE = YES;
				MARKETING_VERSION = 1.0;
				PRODUCT_BUNDLE_IDENTIFIER = com.Nickelfox.project12.GoogleCalenderUITests;
				PRODUCT_NAME = "$(TARGET_NAME)";
				SWIFT_EMIT_LOC_STRINGS = NO;
				SWIFT_VERSION = 5.0;
				TARGETED_DEVICE_FAMILY = "1,2";
				TEST_TARGET_NAME = GoogleCalender;
			};
			name = Release;
		};
/* End XCBuildConfiguration section */

/* Begin XCConfigurationList section */
		71DF46342C0061D40089C2BF /* Build configuration list for PBXProject "GoogleCalender" */ = {
			isa = XCConfigurationList;
			buildConfigurations = (
				71DF46612C0061D60089C2BF /* Debug */,
				71DF46622C0061D60089C2BF /* Release */,
			);
			defaultConfigurationIsVisible = 0;
			defaultConfigurationName = Release;
		};
		71DF46632C0061D60089C2BF /* Build configuration list for PBXNativeTarget "GoogleCalender" */ = {
			isa = XCConfigurationList;
			buildConfigurations = (
				71DF46642C0061D60089C2BF /* Debug */,
				71DF46652C0061D60089C2BF /* Release */,
			);
			defaultConfigurationIsVisible = 0;
			defaultConfigurationName = Release;
		};
		71DF46662C0061D60089C2BF /* Build configuration list for PBXNativeTarget "GoogleCalenderTests" */ = {
			isa = XCConfigurationList;
			buildConfigurations = (
				71DF46672C0061D60089C2BF /* Debug */,
				71DF46682C0061D60089C2BF /* Release */,
			);
			defaultConfigurationIsVisible = 0;
			defaultConfigurationName = Release;
		};
		71DF46692C0061D60089C2BF /* Build configuration list for PBXNativeTarget "GoogleCalenderUITests" */ = {
			isa = XCConfigurationList;
			buildConfigurations = (
				71DF466A2C0061D60089C2BF /* Debug */,
				71DF466B2C0061D60089C2BF /* Release */,
			);
			defaultConfigurationIsVisible = 0;
			defaultConfigurationName = Release;
		};
/* End XCConfigurationList section */
	};
	rootObject = 71DF46312C0061D40089C2BF /* Project object */;
}
